
Microsoft Visual Studio Solution File, Format Version 12.00
# Visual Studio Version 17
VisualStudioVersion = 17.8.34511.84
MinimumVisualStudioVersion = 10.0.40219.1
Project("{FAE04EC0-301F-11D3-BF4B-00C04F79EFBC}") = "project1", "project1\project1.csproj", "{618FFD5A-9EAC-444C-92A5-AA102F75CB3E}"
EndProject
Global
	GlobalSection(SolutionConfigurationPlatforms) = preSolution
		Debug|Any CPU = Debug|Any CPU
		Release|Any CPU = Release|Any CPU
	EndGlobalSection
	GlobalSection(ProjectConfigurationPlatforms) = postSolution
		{618FFD5A-9EAC-444C-92A5-AA102F75CB3E}.Debug|Any CPU.ActiveCfg = Debug|Any CPU
		{618FFD5A-9EAC-444C-92A5-AA102F75CB3E}.Debug|Any CPU.Build.0 = Debug|Any CPU
		{618FFD5A-9EAC-444C-92A5-AA102F75CB3E}.Release|Any CPU.ActiveCfg = Release|Any CPU
		{618FFD5A-9EAC-444C-92A5-AA102F75CB3E}.Release|Any CPU.Build.0 = Release|Any CPU
	EndGlobalSection
	GlobalSection(SolutionProperties) = preSolution
		HideSolutionNode = FALSE
	EndGlobalSection
	GlobalSection(ExtensibilityGlobals) = postSolution
		SolutionGuid = {4D0ECA15-552F-4ADD-AE79-5E080BA440A1}
	EndGlobalSection
EndGlobal
