
Microsoft Visual Studio Solution File, Format Version 12.00
# Visual Studio Version 17
VisualStudioVersion = 17.1.32328.378
MinimumVisualStudioVersion = 10.0.40219.1
Project("{FAE04EC0-301F-11D3-BF4B-00C04F79EFBC}") = "Project04_6", "Project04_6.csproj", "{665221CE-41DC-4999-BC33-0A9565B07CBF}"
EndProject
Global
	GlobalSection(SolutionConfigurationPlatforms) = preSolution
		Debug|Any CPU = Debug|Any CPU
		Release|Any CPU = Release|Any CPU
	EndGlobalSection
	GlobalSection(ProjectConfigurationPlatforms) = postSolution
		{665221CE-41DC-4999-BC33-0A9565B07CBF}.Debug|Any CPU.ActiveCfg = Debug|Any CPU
		{665221CE-41DC-4999-BC33-0A9565B07CBF}.Debug|Any CPU.Build.0 = Debug|Any CPU
		{665221CE-41DC-4999-BC33-0A9565B07CBF}.Release|Any CPU.ActiveCfg = Release|Any CPU
		{665221CE-41DC-4999-BC33-0A9565B07CBF}.Release|Any CPU.Build.0 = Release|Any CPU
	EndGlobalSection
	GlobalSection(SolutionProperties) = preSolution
		HideSolutionNode = FALSE
	EndGlobalSection
	GlobalSection(ExtensibilityGlobals) = postSolution
		SolutionGuid = {3584423E-E030-49E4-B236-C958F3C4367D}
	EndGlobalSection
EndGlobal
