
Microsoft Visual Studio Solution File, Format Version 12.00
# Visual Studio Version 17
VisualStudioVersion = 17.8.34511.84
MinimumVisualStudioVersion = 10.0.40219.1
Project("{FAE04EC0-301F-11D3-BF4B-00C04F79EFBC}") = "project2", "project2\project2.csproj", "{AF3E5131-ACC9-4859-916D-FD7D453ADC26}"
EndProject
Global
	GlobalSection(SolutionConfigurationPlatforms) = preSolution
		Debug|Any CPU = Debug|Any CPU
		Release|Any CPU = Release|Any CPU
	EndGlobalSection
	GlobalSection(ProjectConfigurationPlatforms) = postSolution
		{AF3E5131-ACC9-4859-916D-FD7D453ADC26}.Debug|Any CPU.ActiveCfg = Debug|Any CPU
		{AF3E5131-ACC9-4859-916D-FD7D453ADC26}.Debug|Any CPU.Build.0 = Debug|Any CPU
		{AF3E5131-ACC9-4859-916D-FD7D453ADC26}.Release|Any CPU.ActiveCfg = Release|Any CPU
		{AF3E5131-ACC9-4859-916D-FD7D453ADC26}.Release|Any CPU.Build.0 = Release|Any CPU
	EndGlobalSection
	GlobalSection(SolutionProperties) = preSolution
		HideSolutionNode = FALSE
	EndGlobalSection
	GlobalSection(ExtensibilityGlobals) = postSolution
		SolutionGuid = {B0C4E596-372E-403A-BEAA-08AB34CB729D}
	EndGlobalSection
EndGlobal
