
Microsoft Visual Studio Solution File, Format Version 12.00
# Visual Studio Version 17
VisualStudioVersion = 17.9.34622.214
MinimumVisualStudioVersion = 10.0.40219.1
Project("{FAE04EC0-301F-11D3-BF4B-00C04F79EFBC}") = "HomeWork0401", "HomeWork0401.csproj", "{4E079E1A-BB4E-444D-A8AB-ED8B92CC3647}"
EndProject
Global
	GlobalSection(SolutionConfigurationPlatforms) = preSolution
		Debug|Any CPU = Debug|Any CPU
		Release|Any CPU = Release|Any CPU
	EndGlobalSection
	GlobalSection(ProjectConfigurationPlatforms) = postSolution
		{4E079E1A-BB4E-444D-A8AB-ED8B92CC3647}.Debug|Any CPU.ActiveCfg = Debug|Any CPU
		{4E079E1A-BB4E-444D-A8AB-ED8B92CC3647}.Debug|Any CPU.Build.0 = Debug|Any CPU
		{4E079E1A-BB4E-444D-A8AB-ED8B92CC3647}.Release|Any CPU.ActiveCfg = Release|Any CPU
		{4E079E1A-BB4E-444D-A8AB-ED8B92CC3647}.Release|Any CPU.Build.0 = Release|Any CPU
	EndGlobalSection
	GlobalSection(SolutionProperties) = preSolution
		HideSolutionNode = FALSE
	EndGlobalSection
	GlobalSection(ExtensibilityGlobals) = postSolution
		SolutionGuid = {721C5167-CA59-4E07-877E-08C520D2E646}
	EndGlobalSection
EndGlobal
